{
  "name": "aarch64-toolbox",
  "lockfileVersion": 3,
  "requires": true,
  "packages": {
    "": {
      "name": "aarch64-toolbox",
      "hasInstallScript": true,
      "devDependencies": {
        "isa-toolkit": "github:RomainMichau/isa-toolkit#v1.8.0"
      }
    },
    "node_modules/isa-toolkit": {
      "version": "1.8.0",
      "resolved": "git+ssh://git@github.com/RomainMichau/isa-toolkit.git#9dec30972d3bc638e3dd095c6cccf5087df76027",
      "dev": true
    }
  }
}
